
Microsoft Visual Studio Solution File, Format Version 12.00
# Visual Studio 15
VisualStudioVersion = 15.0.28307.757
MinimumVisualStudioVersion = 10.0.40219.1
Project("{FAE04EC0-301F-11D3-BF4B-00C04F79EFBC}") = "VueCrud", "VueCrud\VueCrud.csproj", "{5A4FDFB1-B24B-473C-B1F4-68CCF62A3E44}"
EndProject
Global
	GlobalSection(SolutionConfigurationPlatforms) = preSolution
		Debug|Any CPU = Debug|Any CPU
		Release|Any CPU = Release|Any CPU
	EndGlobalSection
	GlobalSection(ProjectConfigurationPlatforms) = postSolution
		{5A4FDFB1-B24B-473C-B1F4-68CCF62A3E44}.Debug|Any CPU.ActiveCfg = Debug|Any CPU
		{5A4FDFB1-B24B-473C-B1F4-68CCF62A3E44}.Debug|Any CPU.Build.0 = Debug|Any CPU
		{5A4FDFB1-B24B-473C-B1F4-68CCF62A3E44}.Release|Any CPU.ActiveCfg = Release|Any CPU
		{5A4FDFB1-B24B-473C-B1F4-68CCF62A3E44}.Release|Any CPU.Build.0 = Release|Any CPU
	EndGlobalSection
	GlobalSection(SolutionProperties) = preSolution
		HideSolutionNode = FALSE
	EndGlobalSection
	GlobalSection(ExtensibilityGlobals) = postSolution
		SolutionGuid = {1E038624-74ED-4E6C-9796-B1FC550A4568}
	EndGlobalSection
EndGlobal
